// !$*UTF8*$!
{
	archiveVersion = 1;
	classes = {
	};
	objectVersion = 46;
	objects = {

/* Begin PBXBuildFile section */
		1F77678114FC46A400918A7E /* UIKit.framework in Frameworks */ = {isa = PBXBuildFile; fileRef = 1F77678014FC46A400918A7E /* UIKit.framework */; };
		1F77678314FC46A400918A7E /* Foundation.framework in Frameworks */ = {isa = PBXBuildFile; fileRef = 1F77678214FC46A400918A7E /* Foundation.framework */; };
		1F77678514FC46A400918A7E /* CoreGraphics.framework in Frameworks */ = {isa = PBXBuildFile; fileRef = 1F77678414FC46A400918A7E /* CoreGraphics.framework */; };
		1F77678B14FC46A400918A7E /* InfoPlist.strings in Resources */ = {isa = PBXBuildFile; fileRef = 1F77678914FC46A400918A7E /* InfoPlist.strings */; };
		1F77678D14FC46A400918A7E /* main.m in Sources */ = {isa = PBXBuildFile; fileRef = 1F77678C14FC46A400918A7E /* main.m */; };
		1F77679114FC46A400918A7E /* AppDelegate.m in Sources */ = {isa = PBXBuildFile; fileRef = 1F77679014FC46A400918A7E /* AppDelegate.m */; };
		1F77679414FC46A400918A7E /* KS_SearchViewController.m in Sources */ = {isa = PBXBuildFile; fileRef = 1F77679314FC46A400918A7E /* KS_SearchViewController.m */; };
/* End PBXBuildFile section */

/* Begin PBXFileReference section */
		1F77677C14FC46A400918A7E /* KS-SearchViewController.app */ = {isa = PBXFileReference; explicitFileType = wrapper.application; includeInIndex = 0; path = "KS-SearchViewController.app"; sourceTree = BUILT_PRODUCTS_DIR; };
		1F77678014FC46A400918A7E /* UIKit.framework */ = {isa = PBXFileReference; lastKnownFileType = wrapper.framework; name = UIKit.framework; path = System/Library/Frameworks/UIKit.framework; sourceTree = SDKROOT; };
		1F77678214FC46A400918A7E /* Foundation.framework */ = {isa = PBXFileReference; lastKnownFileType = wrapper.framework; name = Foundation.framework; path = System/Library/Frameworks/Foundation.framework; sourceTree = SDKROOT; };
		1F77678414FC46A400918A7E /* CoreGraphics.framework */ = {isa = PBXFileReference; lastKnownFileType = wrapper.framework; name = CoreGraphics.framework; path = System/Library/Frameworks/CoreGraphics.framework; sourceTree = SDKROOT; };
		1F77678814FC46A400918A7E /* KS-SearchViewController-Info.plist */ = {isa = PBXFileReference; lastKnownFileType = text.plist.xml; path = "KS-SearchViewController-Info.plist"; sourceTree = "<group>"; };
		1F77678A14FC46A400918A7E /* en */ = {isa = PBXFileReference; lastKnownFileType = text.plist.strings; name = en; path = en.lproj/InfoPlist.strings; sourceTree = "<group>"; };
		1F77678C14FC46A400918A7E /* main.m */ = {isa = PBXFileReference; lastKnownFileType = sourcecode.c.objc; path = main.m; sourceTree = "<group>"; };
		1F77678E14FC46A400918A7E /* KS-SearchViewController-Prefix.pch */ = {isa = PBXFileReference; lastKnownFileType = sourcecode.c.h; path = "KS-SearchViewController-Prefix.pch"; sourceTree = "<group>"; };
		1F77678F14FC46A400918A7E /* AppDelegate.h */ = {isa = PBXFileReference; lastKnownFileType = sourcecode.c.h; path = AppDelegate.h; sourceTree = "<group>"; };
		1F77679014FC46A400918A7E /* AppDelegate.m */ = {isa = PBXFileReference; lastKnownFileType = sourcecode.c.objc; path = AppDelegate.m; sourceTree = "<group>"; };
		1F77679314FC46A400918A7E /* KS_SearchViewController.m */ = {isa = PBXFileReference; lastKnownFileType = sourcecode.c.objc; path = KS_SearchViewController.m; sourceTree = "<group>"; };
		1FE0D85A14FC732600B68244 /* KS_SearchViewController.h */ = {isa = PBXFileReference; fileEncoding = 4; lastKnownFileType = sourcecode.c.h; path = KS_SearchViewController.h; sourceTree = "<group>"; };
/* End PBXFileReference section */

/* Begin PBXFrameworksBuildPhase section */
		1F77677914FC46A400918A7E /* Frameworks */ = {
			isa = PBXFrameworksBuildPhase;
			buildActionMask = 2147483647;
			files = (
				1F77678114FC46A400918A7E /* UIKit.framework in Frameworks */,
				1F77678314FC46A400918A7E /* Foundation.framework in Frameworks */,
				1F77678514FC46A400918A7E /* CoreGraphics.framework in Frameworks */,
			);
			runOnlyForDeploymentPostprocessing = 0;
		};
/* End PBXFrameworksBuildPhase section */

/* Begin PBXGroup section */
		1F77677114FC46A400918A7E = {
			isa = PBXGroup;
			children = (
				1F77678614FC46A400918A7E /* KS-SearchViewController */,
				1F77677F14FC46A400918A7E /* Frameworks */,
				1F77677D14FC46A400918A7E /* Products */,
			);
			sourceTree = "<group>";
		};
		1F77677D14FC46A400918A7E /* Products */ = {
			isa = PBXGroup;
			children = (
				1F77677C14FC46A400918A7E /* KS-SearchViewController.app */,
			);
			name = Products;
			sourceTree = "<group>";
		};
		1F77677F14FC46A400918A7E /* Frameworks */ = {
			isa = PBXGroup;
			children = (
				1F77678014FC46A400918A7E /* UIKit.framework */,
				1F77678214FC46A400918A7E /* Foundation.framework */,
				1F77678414FC46A400918A7E /* CoreGraphics.framework */,
			);
			name = Frameworks;
			sourceTree = "<group>";
		};
		1F77678614FC46A400918A7E /* KS-SearchViewController */ = {
			isa = PBXGroup;
			children = (
				1F77678F14FC46A400918A7E /* AppDelegate.h */,
				1F77679014FC46A400918A7E /* AppDelegate.m */,
				1FE0D85A14FC732600B68244 /* KS_SearchViewController.h */,
				1F77679314FC46A400918A7E /* KS_SearchViewController.m */,
				1F77678714FC46A400918A7E /* Supporting Files */,
			);
			path = "KS-SearchViewController";
			sourceTree = "<group>";
		};
		1F77678714FC46A400918A7E /* Supporting Files */ = {
			isa = PBXGroup;
			children = (
				1F77678814FC46A400918A7E /* KS-SearchViewController-Info.plist */,
				1F77678914FC46A400918A7E /* InfoPlist.strings */,
				1F77678C14FC46A400918A7E /* main.m */,
				1F77678E14FC46A400918A7E /* KS-SearchViewController-Prefix.pch */,
			);
			name = "Supporting Files";
			sourceTree = "<group>";
		};
/* End PBXGroup section */

/* Begin PBXNativeTarget section */
		1F77677B14FC46A400918A7E /* KS-SearchViewController */ = {
			isa = PBXNativeTarget;
			buildConfigurationList = 1F7767A014FC46A400918A7E /* Build configuration list for PBXNativeTarget "KS-SearchViewController" */;
			buildPhases = (
				1F77677814FC46A400918A7E /* Sources */,
				1F77677914FC46A400918A7E /* Frameworks */,
				1F77677A14FC46A400918A7E /* Resources */,
			);
			buildRules = (
			);
			dependencies = (
			);
			name = "KS-SearchViewController";
			productName = "KS-SearchViewController";
			productReference = 1F77677C14FC46A400918A7E /* KS-SearchViewController.app */;
			productType = "com.apple.product-type.application";
		};
/* End PBXNativeTarget section */

/* Begin PBXProject section */
		1F77677314FC46A400918A7E /* Project object */ = {
			isa = PBXProject;
			attributes = {
				LastUpgradeCheck = 0430;
				ORGANIZATIONNAME = "Kasey Schindler";
			};
			buildConfigurationList = 1F77677614FC46A400918A7E /* Build configuration list for PBXProject "KS-SearchViewController" */;
			compatibilityVersion = "Xcode 3.2";
			developmentRegion = English;
			hasScannedForEncodings = 0;
			knownRegions = (
				en,
			);
			mainGroup = 1F77677114FC46A400918A7E;
			productRefGroup = 1F77677D14FC46A400918A7E /* Products */;
			projectDirPath = "";
			projectRoot = "";
			targets = (
				1F77677B14FC46A400918A7E /* KS-SearchViewController */,
			);
		};
/* End PBXProject section */

/* Begin PBXResourcesBuildPhase section */
		1F77677A14FC46A400918A7E /* Resources */ = {
			isa = PBXResourcesBuildPhase;
			buildActionMask = 2147483647;
			files = (
				1F77678B14FC46A400918A7E /* InfoPlist.strings in Resources */,
			);
			runOnlyForDeploymentPostprocessing = 0;
		};
/* End PBXResourcesBuildPhase section */

/* Begin PBXSourcesBuildPhase section */
		1F77677814FC46A400918A7E /* Sources */ = {
			isa = PBXSourcesBuildPhase;
			buildActionMask = 2147483647;
			files = (
				1F77678D14FC46A400918A7E /* main.m in Sources */,
				1F77679114FC46A400918A7E /* AppDelegate.m in Sources */,
				1F77679414FC46A400918A7E /* KS_SearchViewController.m in Sources */,
			);
			runOnlyForDeploymentPostprocessing = 0;
		};
/* End PBXSourcesBuildPhase section */

/* Begin PBXVariantGroup section */
		1F77678914FC46A400918A7E /* InfoPlist.strings */ = {
			isa = PBXVariantGroup;
			children = (
				1F77678A14FC46A400918A7E /* en */,
			);
			name = InfoPlist.strings;
			sourceTree = "<group>";
		};
/* End PBXVariantGroup section */

/* Begin XCBuildConfiguration section */
		1F77679E14FC46A400918A7E /* Debug */ = {
			isa = XCBuildConfiguration;
			buildSettings = {
				ALWAYS_SEARCH_USER_PATHS = NO;
				ARCHS = "$(ARCHS_STANDARD_32_BIT)";
				CLANG_ENABLE_OBJC_ARC = YES;
				"CODE_SIGN_IDENTITY[sdk=iphoneos*]" = "iPhone Developer";
				COPY_PHASE_STRIP = NO;
				GCC_C_LANGUAGE_STANDARD = gnu99;
				GCC_DYNAMIC_NO_PIC = NO;
				GCC_OPTIMIZATION_LEVEL = 0;
				GCC_PREPROCESSOR_DEFINITIONS = (
					"DEBUG=1",
					"$(inherited)",
				);
				GCC_SYMBOLS_PRIVATE_EXTERN = NO;
				GCC_VERSION = com.apple.compilers.llvm.clang.1_0;
				GCC_WARN_ABOUT_RETURN_TYPE = YES;
				GCC_WARN_UNINITIALIZED_AUTOS = YES;
				GCC_WARN_UNUSED_VARIABLE = YES;
				IPHONEOS_DEPLOYMENT_TARGET = 5.0;
				SDKROOT = iphoneos;
			};
			name = Debug;
		};
		1F77679F14FC46A400918A7E /* Release */ = {
			isa = XCBuildConfiguration;
			buildSettings = {
				ALWAYS_SEARCH_USER_PATHS = NO;
				ARCHS = "$(ARCHS_STANDARD_32_BIT)";
				CLANG_ENABLE_OBJC_ARC = YES;
				"CODE_SIGN_IDENTITY[sdk=iphoneos*]" = "iPhone Developer";
				COPY_PHASE_STRIP = YES;
				GCC_C_LANGUAGE_STANDARD = gnu99;
				GCC_VERSION = com.apple.compilers.llvm.clang.1_0;
				GCC_WARN_ABOUT_RETURN_TYPE = YES;
				GCC_WARN_UNINITIALIZED_AUTOS = YES;
				GCC_WARN_UNUSED_VARIABLE = YES;
				IPHONEOS_DEPLOYMENT_TARGET = 5.0;
				OTHER_CFLAGS = "-DNS_BLOCK_ASSERTIONS=1";
				SDKROOT = iphoneos;
				VALIDATE_PRODUCT = YES;
			};
			name = Release;
		};
		1F7767A114FC46A400918A7E /* Debug */ = {
			isa = XCBuildConfiguration;
			buildSettings = {
				GCC_PRECOMPILE_PREFIX_HEADER = YES;
				GCC_PREFIX_HEADER = "KS-SearchViewController/KS-SearchViewController-Prefix.pch";
				INFOPLIST_FILE = "KS-SearchViewController/KS-SearchViewController-Info.plist";
				IPHONEOS_DEPLOYMENT_TARGET = 5.0;
				PRODUCT_NAME = "$(TARGET_NAME)";
				WRAPPER_EXTENSION = app;
			};
			name = Debug;
		};
		1F7767A214FC46A400918A7E /* Release */ = {
			isa = XCBuildConfiguration;
			buildSettings = {
				GCC_PRECOMPILE_PREFIX_HEADER = YES;
				GCC_PREFIX_HEADER = "KS-SearchViewController/KS-SearchViewController-Prefix.pch";
				INFOPLIST_FILE = "KS-SearchViewController/KS-SearchViewController-Info.plist";
				IPHONEOS_DEPLOYMENT_TARGET = 5.0;
				PRODUCT_NAME = "$(TARGET_NAME)";
				WRAPPER_EXTENSION = app;
			};
			name = Release;
		};
/* End XCBuildConfiguration section */

/* Begin XCConfigurationList section */
		1F77677614FC46A400918A7E /* Build configuration list for PBXProject "KS-SearchViewController" */ = {
			isa = XCConfigurationList;
			buildConfigurations = (
				1F77679E14FC46A400918A7E /* Debug */,
				1F77679F14FC46A400918A7E /* Release */,
			);
			defaultConfigurationIsVisible = 0;
			defaultConfigurationName = Release;
		};
		1F7767A014FC46A400918A7E /* Build configuration list for PBXNativeTarget "KS-SearchViewController" */ = {
			isa = XCConfigurationList;
			buildConfigurations = (
				1F7767A114FC46A400918A7E /* Debug */,
				1F7767A214FC46A400918A7E /* Release */,
			);
			defaultConfigurationIsVisible = 0;
			defaultConfigurationName = Release;
		};
/* End XCConfigurationList section */
	};
	rootObject = 1F77677314FC46A400918A7E /* Project object */;
}
